lockfileVersion: '6.0'

settings:
  autoInstallPeers: true
  excludeLinksFromLockfile: false

importers:

  .:
    devDependencies:
      '@prettier/plugin-oxc':
        specifier: ^0.0.4
        version: 0.0.4
      oxlint:
        specifier: ^1.8.0
        version: 1.8.0
      prettier:
        specifier: ^3.2.5
        version: 3.6.2
      turbo:
        specifier: ^2.5.5
        version: 2.5.5

  apps/web:
    dependencies:
      '@repo/ui':
        specifier: workspace:*
        version: link:../../packages/ui
      react:
        specifier: ^19.1.0
        version: 19.1.0
      react-dom:
        specifier: ^19.1.0
        version: 19.1.0(react@19.1.0)
    devDependencies:
      '@repo/oxlint-config':
        specifier: workspace:*
        version: link:../../packages/oxlint-config
      '@repo/typescript-config':
        specifier: workspace:*
        version: link:../../packages/typescript-config
      '@types/react':
        specifier: ^19.1.8
        version: 19.1.8
      '@types/react-dom':
        specifier: ^19.1.6
        version: 19.1.6(@types/react@19.1.8)
      '@vitejs/plugin-react-swc':
        specifier: ^3.11.0
        version: 3.11.0(vite@6.3.5)
      oxlint:
        specifier: ^1.8.0
        version: 1.8.0
      typescript:
        specifier: ^5.8.3
        version: 5.8.3
      vite:
        specifier: ^6.3.5
        version: 6.3.5
      vite-plugin-oxlint:
        specifier: ^1.4.0
        version: 1.4.0(vite@6.3.5)

  packages/oxlint-config: {}

  packages/typescript-config: {}

  packages/ui:
    dependencies:
      react:
        specifier: ^19.1.0
        version: 19.1.0
      react-dom:
        specifier: ^19.1.0
        version: 19.1.0(react@19.1.0)
    devDependencies:
      '@repo/oxlint-config':
        specifier: workspace:*
        version: link:../oxlint-config
      '@repo/typescript-config':
        specifier: workspace:*
        version: link:../typescript-config
      '@types/react':
        specifier: ^19.1.8
        version: 19.1.8
      '@types/react-dom':
        specifier: ^19.1.6
        version: 19.1.6(@types/react@19.1.8)
      oxlint:
        specifier: ^1.8.0
        version: 1.8.0
      typescript:
        specifier: ^5.8.3
        version: 5.8.3

packages:

  /@emnapi/core@1.4.5:
    resolution: {integrity: sha512-XsLw1dEOpkSX/WucdqUhPWP7hDxSvZiY+fsUC14h+FtQ2Ifni4znbBt8punRX+Uj2JG/uDb8nEHVKvrVlvdZ5Q==}
    requiresBuild: true
    dependencies:
      '@emnapi/wasi-threads': 1.0.4
      tslib: 2.8.1
    dev: true
    optional: true

  /@emnapi/runtime@1.4.5:
    resolution: {integrity: sha512-++LApOtY0pEEz1zrd9vy1/zXVaVJJ/EbAF3u0fXIzPJEDtnITsBGbbK0EkM72amhl/R5b+5xx0Y/QhcVOpuulg==}
    requiresBuild: true
    dependencies:
      tslib: 2.8.1
    dev: true
    optional: true

  /@emnapi/wasi-threads@1.0.4:
    resolution: {integrity: sha512-PJR+bOmMOPH8AtcTGAyYNiuJ3/Fcoj2XN/gBEWzDIKh254XO+mM9XoXHk5GNEhodxeMznbg7BlRojVbKN+gC6g==}
    requiresBuild: true
    dependencies:
      tslib: 2.8.1
    dev: true
    optional: true

  /@esbuild/aix-ppc64@0.25.8:
    resolution: {integrity: sha512-urAvrUedIqEiFR3FYSLTWQgLu5tb+m0qZw0NBEasUeo6wuqatkMDaRT+1uABiGXEu5vqgPd7FGE1BhsAIy9QVA==}
    engines: {node: '>=18'}
    cpu: [ppc64]
    os: [aix]
    requiresBuild: true
    dev: true
    optional: true

  /@esbuild/android-arm64@0.25.8:
    resolution: {integrity: sha512-OD3p7LYzWpLhZEyATcTSJ67qB5D+20vbtr6vHlHWSQYhKtzUYrETuWThmzFpZtFsBIxRvhO07+UgVA9m0i/O1w==}
    engines: {node: '>=18'}
    cpu: [arm64]
    os: [android]
    requiresBuild: true
    dev: true
    optional: true

  /@esbuild/android-arm@0.25.8:
    resolution: {integrity: sha512-RONsAvGCz5oWyePVnLdZY/HHwA++nxYWIX1atInlaW6SEkwq6XkP3+cb825EUcRs5Vss/lGh/2YxAb5xqc07Uw==}
    engines: {node: '>=18'}
    cpu: [arm]
    os: [android]
    requiresBuild: true
    dev: true
    optional: true

  /@esbuild/android-x64@0.25.8:
    resolution: {integrity: sha512-yJAVPklM5+4+9dTeKwHOaA+LQkmrKFX96BM0A/2zQrbS6ENCmxc4OVoBs5dPkCCak2roAD+jKCdnmOqKszPkjA==}
    engines: {node: '>=18'}
    cpu: [x64]
    os: [android]
    requiresBuild: true
    dev: true
    optional: true

  /@esbuild/darwin-arm64@0.25.8:
    resolution: {integrity: sha512-Jw0mxgIaYX6R8ODrdkLLPwBqHTtYHJSmzzd+QeytSugzQ0Vg4c5rDky5VgkoowbZQahCbsv1rT1KW72MPIkevw==}
    engines: {node: '>=18'}
    cpu: [arm64]
    os: [darwin]
    requiresBuild: true
    dev: true
    optional: true

  /@esbuild/darwin-x64@0.25.8:
    resolution: {integrity: sha512-Vh2gLxxHnuoQ+GjPNvDSDRpoBCUzY4Pu0kBqMBDlK4fuWbKgGtmDIeEC081xi26PPjn+1tct+Bh8FjyLlw1Zlg==}
    engines: {node: '>=18'}
    cpu: [x64]
    os: [darwin]
    requiresBuild: true
    dev: true
    optional: true

  /@esbuild/freebsd-arm64@0.25.8:
    resolution: {integrity: sha512-YPJ7hDQ9DnNe5vxOm6jaie9QsTwcKedPvizTVlqWG9GBSq+BuyWEDazlGaDTC5NGU4QJd666V0yqCBL2oWKPfA==}
    engines: {node: '>=18'}
    cpu: [arm64]
    os: [freebsd]
    requiresBuild: true
    dev: true
    optional: true

  /@esbuild/freebsd-x64@0.25.8:
    resolution: {integrity: sha512-MmaEXxQRdXNFsRN/KcIimLnSJrk2r5H8v+WVafRWz5xdSVmWLoITZQXcgehI2ZE6gioE6HirAEToM/RvFBeuhw==}
    engines: {node: '>=18'}
    cpu: [x64]
    os: [freebsd]
    requiresBuild: true
    dev: true
    optional: true

  /@esbuild/linux-arm64@0.25.8:
    resolution: {integrity: sha512-WIgg00ARWv/uYLU7lsuDK00d/hHSfES5BzdWAdAig1ioV5kaFNrtK8EqGcUBJhYqotlUByUKz5Qo6u8tt7iD/w==}
    engines: {node: '>=18'}
    cpu: [arm64]
    os: [linux]
    requiresBuild: true
    dev: true
    optional: true

  /@esbuild/linux-arm@0.25.8:
    resolution: {integrity: sha512-FuzEP9BixzZohl1kLf76KEVOsxtIBFwCaLupVuk4eFVnOZfU+Wsn+x5Ryam7nILV2pkq2TqQM9EZPsOBuMC+kg==}
    engines: {node: '>=18'}
    cpu: [arm]
    os: [linux]
    requiresBuild: true
    dev: true
    optional: true

  /@esbuild/linux-ia32@0.25.8:
    resolution: {integrity: sha512-A1D9YzRX1i+1AJZuFFUMP1E9fMaYY+GnSQil9Tlw05utlE86EKTUA7RjwHDkEitmLYiFsRd9HwKBPEftNdBfjg==}
    engines: {node: '>=18'}
    cpu: [ia32]
    os: [linux]
    requiresBuild: true
    dev: true
    optional: true

  /@esbuild/linux-loong64@0.25.8:
    resolution: {integrity: sha512-O7k1J/dwHkY1RMVvglFHl1HzutGEFFZ3kNiDMSOyUrB7WcoHGf96Sh+64nTRT26l3GMbCW01Ekh/ThKM5iI7hQ==}
    engines: {node: '>=18'}
    cpu: [loong64]
    os: [linux]
    requiresBuild: true
    dev: true
    optional: true

  /@esbuild/linux-mips64el@0.25.8:
    resolution: {integrity: sha512-uv+dqfRazte3BzfMp8PAQXmdGHQt2oC/y2ovwpTteqrMx2lwaksiFZ/bdkXJC19ttTvNXBuWH53zy/aTj1FgGw==}
    engines: {node: '>=18'}
    cpu: [mips64el]
    os: [linux]
    requiresBuild: true
    dev: true
    optional: true

  /@esbuild/linux-ppc64@0.25.8:
    resolution: {integrity: sha512-GyG0KcMi1GBavP5JgAkkstMGyMholMDybAf8wF5A70CALlDM2p/f7YFE7H92eDeH/VBtFJA5MT4nRPDGg4JuzQ==}
    engines: {node: '>=18'}
    cpu: [ppc64]
    os: [linux]
    requiresBuild: true
    dev: true
    optional: true

  /@esbuild/linux-riscv64@0.25.8:
    resolution: {integrity: sha512-rAqDYFv3yzMrq7GIcen3XP7TUEG/4LK86LUPMIz6RT8A6pRIDn0sDcvjudVZBiiTcZCY9y2SgYX2lgK3AF+1eg==}
    engines: {node: '>=18'}
    cpu: [riscv64]
    os: [linux]
    requiresBuild: true
    dev: true
    optional: true

  /@esbuild/linux-s390x@0.25.8:
    resolution: {integrity: sha512-Xutvh6VjlbcHpsIIbwY8GVRbwoviWT19tFhgdA7DlenLGC/mbc3lBoVb7jxj9Z+eyGqvcnSyIltYUrkKzWqSvg==}
    engines: {node: '>=18'}
    cpu: [s390x]
    os: [linux]
    requiresBuild: true
    dev: true
    optional: true

  /@esbuild/linux-x64@0.25.8:
    resolution: {integrity: sha512-ASFQhgY4ElXh3nDcOMTkQero4b1lgubskNlhIfJrsH5OKZXDpUAKBlNS0Kx81jwOBp+HCeZqmoJuihTv57/jvQ==}
    engines: {node: '>=18'}
    cpu: [x64]
    os: [linux]
    requiresBuild: true
    dev: true
    optional: true

  /@esbuild/netbsd-arm64@0.25.8:
    resolution: {integrity: sha512-d1KfruIeohqAi6SA+gENMuObDbEjn22olAR7egqnkCD9DGBG0wsEARotkLgXDu6c4ncgWTZJtN5vcgxzWRMzcw==}
    engines: {node: '>=18'}
    cpu: [arm64]
    os: [netbsd]
    requiresBuild: true
    dev: true
    optional: true

  /@esbuild/netbsd-x64@0.25.8:
    resolution: {integrity: sha512-nVDCkrvx2ua+XQNyfrujIG38+YGyuy2Ru9kKVNyh5jAys6n+l44tTtToqHjino2My8VAY6Lw9H7RI73XFi66Cg==}
    engines: {node: '>=18'}
    cpu: [x64]
    os: [netbsd]
    requiresBuild: true
    dev: true
    optional: true

  /@esbuild/openbsd-arm64@0.25.8:
    resolution: {integrity: sha512-j8HgrDuSJFAujkivSMSfPQSAa5Fxbvk4rgNAS5i3K+r8s1X0p1uOO2Hl2xNsGFppOeHOLAVgYwDVlmxhq5h+SQ==}
    engines: {node: '>=18'}
    cpu: [arm64]
    os: [openbsd]
    requiresBuild: true
    dev: true
    optional: true

  /@esbuild/openbsd-x64@0.25.8:
    resolution: {integrity: sha512-1h8MUAwa0VhNCDp6Af0HToI2TJFAn1uqT9Al6DJVzdIBAd21m/G0Yfc77KDM3uF3T/YaOgQq3qTJHPbTOInaIQ==}
    engines: {node: '>=18'}
    cpu: [x64]
    os: [openbsd]
    requiresBuild: true
    dev: true
    optional: true

  /@esbuild/openharmony-arm64@0.25.8:
    resolution: {integrity: sha512-r2nVa5SIK9tSWd0kJd9HCffnDHKchTGikb//9c7HX+r+wHYCpQrSgxhlY6KWV1nFo1l4KFbsMlHk+L6fekLsUg==}
    engines: {node: '>=18'}
    cpu: [arm64]
    os: [openharmony]
    requiresBuild: true
    dev: true
    optional: true

  /@esbuild/sunos-x64@0.25.8:
    resolution: {integrity: sha512-zUlaP2S12YhQ2UzUfcCuMDHQFJyKABkAjvO5YSndMiIkMimPmxA+BYSBikWgsRpvyxuRnow4nS5NPnf9fpv41w==}
    engines: {node: '>=18'}
    cpu: [x64]
    os: [sunos]
    requiresBuild: true
    dev: true
    optional: true

  /@esbuild/win32-arm64@0.25.8:
    resolution: {integrity: sha512-YEGFFWESlPva8hGL+zvj2z/SaK+pH0SwOM0Nc/d+rVnW7GSTFlLBGzZkuSU9kFIGIo8q9X3ucpZhu8PDN5A2sQ==}
    engines: {node: '>=18'}
    cpu: [arm64]
    os: [win32]
    requiresBuild: true
    dev: true
    optional: true

  /@esbuild/win32-ia32@0.25.8:
    resolution: {integrity: sha512-hiGgGC6KZ5LZz58OL/+qVVoZiuZlUYlYHNAmczOm7bs2oE1XriPFi5ZHHrS8ACpV5EjySrnoCKmcbQMN+ojnHg==}
    engines: {node: '>=18'}
    cpu: [ia32]
    os: [win32]
    requiresBuild: true
    dev: true
    optional: true

  /@esbuild/win32-x64@0.25.8:
    resolution: {integrity: sha512-cn3Yr7+OaaZq1c+2pe+8yxC8E144SReCQjN6/2ynubzYjvyqZjTXfQJpAcQpsdJq3My7XADANiYGHoFC69pLQw==}
    engines: {node: '>=18'}
    cpu: [x64]
    os: [win32]
    requiresBuild: true
    dev: true
    optional: true

  /@napi-rs/wasm-runtime@0.2.12:
    resolution: {integrity: sha512-ZVWUcfwY4E/yPitQJl481FjFo3K22D6qF0DuFH6Y/nbnE11GY5uguDxZMGXPQ8WQ0128MXQD7TnfHyK4oWoIJQ==}
    requiresBuild: true
    dependencies:
      '@emnapi/core': 1.4.5
      '@emnapi/runtime': 1.4.5
      '@tybys/wasm-util': 0.10.0
    dev: true
    optional: true

  /@oxc-parser/binding-android-arm64@0.74.0:
    resolution: {integrity: sha512-lgq8TJq22eyfojfa2jBFy2m66ckAo7iNRYDdyn9reXYA3I6Wx7tgGWVx1JAp1lO+aUiqdqP/uPlDaETL9tqRcg==}
    engines: {node: '>=20.0.0'}
    cpu: [arm64]
    os: [android]
    requiresBuild: true
    dev: true
    optional: true

  /@oxc-parser/binding-darwin-arm64@0.74.0:
    resolution: {integrity: sha512-xbY/io/hkARggbpYEMFX6CwFzb7f4iS6WuBoBeZtdqRWfIEi7sm/uYWXfyVeB8uqOATvJ07WRFC2upI8PSI83g==}
    engines: {node: '>=20.0.0'}
    cpu: [arm64]
    os: [darwin]
    requiresBuild: true
    dev: true
    optional: true

  /@oxc-parser/binding-darwin-x64@0.74.0:
    resolution: {integrity: sha512-FIj2gAGtFaW0Zk+TnGyenMUoRu1ju+kJ/h71D77xc1owOItbFZFGa+4WSVck1H8rTtceeJlK+kux+vCjGFCl9Q==}
    engines: {node: '>=20.0.0'}
    cpu: [x64]
    os: [darwin]
    requiresBuild: true
    dev: true
    optional: true

  /@oxc-parser/binding-freebsd-x64@0.74.0:
    resolution: {integrity: sha512-W1I+g5TJg0TRRMHgEWNWsTIfe782V3QuaPgZxnfPNmDMywYdtlzllzclBgaDq6qzvZCCQc/UhvNb37KWTCTj8A==}
    engines: {node: '>=20.0.0'}
    cpu: [x64]
    os: [freebsd]
    requiresBuild: true
    dev: true
    optional: true

  /@oxc-parser/binding-linux-arm-gnueabihf@0.74.0:
    resolution: {integrity: sha512-gxqkyRGApeVI8dgvJ19SYe59XASW3uVxF1YUgkE7peW/XIg5QRAOVTFKyTjI9acYuK1MF6OJHqx30cmxmZLtiQ==}
    engines: {node: '>=20.0.0'}
    cpu: [arm]
    os: [linux]
    requiresBuild: true
    dev: true
    optional: true

  /@oxc-parser/binding-linux-arm-musleabihf@0.74.0:
    resolution: {integrity: sha512-jpnAUP4Fa93VdPPDzxxBguJmldj/Gpz7wTXKFzpAueqBMfZsy9KNC+0qT2uZ9HGUDMzNuKw0Se3bPCpL/gfD2Q==}
    engines: {node: '>=20.0.0'}
    cpu: [arm]
    os: [linux]
    requiresBuild: true
    dev: true
    optional: true

  /@oxc-parser/binding-linux-arm64-gnu@0.74.0:
    resolution: {integrity: sha512-fcWyM7BNfCkHqIf3kll8fJctbR/PseL4RnS2isD9Y3FFBhp4efGAzhDaxIUK5GK7kIcFh1P+puIRig8WJ6IMVQ==}
    engines: {node: '>=20.0.0'}
    cpu: [arm64]
    os: [linux]
    requiresBuild: true
    dev: true
    optional: true

  /@oxc-parser/binding-linux-arm64-musl@0.74.0:
    resolution: {integrity: sha512-AMY30z/C77HgiRRJX7YtVUaelKq1ex0aaj28XoJu4SCezdS8i0IftUNTtGS1UzGjGZB8zQz5SFwVy4dRu4GLwg==}
    engines: {node: '>=20.0.0'}
    cpu: [arm64]
    os: [linux]
    requiresBuild: true
    dev: true
    optional: true

  /@oxc-parser/binding-linux-riscv64-gnu@0.74.0:
    resolution: {integrity: sha512-/RZAP24TgZo4vV/01TBlzRqs0R7E6xvatww4LnmZEBBulQBU/SkypDywfriFqWuFoa61WFXPV7sLcTjJGjim/w==}
    engines: {node: '>=20.0.0'}
    cpu: [riscv64]
    os: [linux]
    requiresBuild: true
    dev: true
    optional: true

  /@oxc-parser/binding-linux-s390x-gnu@0.74.0:
    resolution: {integrity: sha512-620J1beNAlGSPBD+Msb3ptvrwxu04B8iULCH03zlf0JSLy/5sqlD6qBs0XUVkUJv1vbakUw1gfVnUQqv0UTuEg==}
    engines: {node: '>=20.0.0'}
    cpu: [s390x]
    os: [linux]
    requiresBuild: true
    dev: true
    optional: true

  /@oxc-parser/binding-linux-x64-gnu@0.74.0:
    resolution: {integrity: sha512-WBFgQmGtFnPNzHyLKbC1wkYGaRIBxXGofO0+hz1xrrkPgbxbJS1Ukva1EB8sPaVBBQ52Bdc2GjLSp721NWRvww==}
    engines: {node: '>=20.0.0'}
    cpu: [x64]
    os: [linux]
    requiresBuild: true
    dev: true
    optional: true

  /@oxc-parser/binding-linux-x64-musl@0.74.0:
    resolution: {integrity: sha512-y4mapxi0RGqlp3t6Sm+knJlAEqdKDYrEue2LlXOka/F2i4sRN0XhEMPiSOB3ppHmvK4I2zY2XBYTsX1Fel0fAg==}
    engines: {node: '>=20.0.0'}
    cpu: [x64]
    os: [linux]
    requiresBuild: true
    dev: true
    optional: true

  /@oxc-parser/binding-wasm32-wasi@0.74.0:
    resolution: {integrity: sha512-yDS9bRDh5ymobiS2xBmjlrGdUuU61IZoJBaJC5fELdYT5LJNBXlbr3Yc6m2PWfRJwkH6Aq5fRvxAZ4wCbkGa8w==}
    engines: {node: '>=14.0.0'}
    cpu: [wasm32]
    requiresBuild: true
    dependencies:
      '@napi-rs/wasm-runtime': 0.2.12
    dev: true
    optional: true

  /@oxc-parser/binding-win32-arm64-msvc@0.74.0:
    resolution: {integrity: sha512-XFWY52Rfb4N5wEbMCTSBMxRkDLGbAI9CBSL24BIDywwDJMl31gHEVlmHdCDRoXAmanCI6gwbXYTrWe0HvXJ7Aw==}
    engines: {node: '>=20.0.0'}
    cpu: [arm64]
    os: [win32]
    requiresBuild: true
    dev: true
    optional: true

  /@oxc-parser/binding-win32-x64-msvc@0.74.0:
    resolution: {integrity: sha512-1D3x6iU2apLyfTQHygbdaNbX3nZaHu4yaXpD7ilYpoLo7f0MX0tUuoDrqJyJrVGqvyXgc0uz4yXz9tH9ZZhvvg==}
    engines: {node: '>=20.0.0'}
    cpu: [x64]
    os: [win32]
    requiresBuild: true
    dev: true
    optional: true

  /@oxc-project/types@0.74.0:
    resolution: {integrity: sha512-KOw/RZrVlHGhCXh1RufBFF7Nuo7HdY5w1lRJukM/igIl6x9qtz8QycDvZdzb4qnHO7znrPyo2sJrFJK2eKHgfQ==}
    dev: true

  /@oxlint/darwin-arm64@1.8.0:
    resolution: {integrity: sha512-1juYJF1xqRNkswzDSN1V44NoZ+O2Mkc9LjbkDB/UErb8dxTqFhCZC3CQR6Em55/tys1FtajXgK3B+ykWnY9HNQ==}
    cpu: [arm64]
    os: [darwin]
    requiresBuild: true
    dev: true
    optional: true

  /@oxlint/darwin-x64@1.8.0:
    resolution: {integrity: sha512-5b7J/XE2eGhx3+vw6IFuuL0BbIF3wRzo4SWHVXN9rO3WYq2YpoHToY4C5WMWb8toVZcoJlx4Y1lq3IO2V78zTg==}
    cpu: [x64]
    os: [darwin]
    requiresBuild: true
    dev: true
    optional: true

  /@oxlint/linux-arm64-gnu@1.8.0:
    resolution: {integrity: sha512-pzfk9IZBbYuIYn4sbT//Vox8B8e8hOZPkIQnNAdzhpGtRjV4NYOgNL5/h2QZC+ecmxl8H+Gi9WV6dyKjFrBtcw==}
    cpu: [arm64]
    os: [linux]
    requiresBuild: true
    dev: true
    optional: true

  /@oxlint/linux-arm64-musl@1.8.0:
    resolution: {integrity: sha512-6rpaeAG271wbUNM+WeJhdvJDDMwfoenm7rPY304dxnC+fcuR8Q0LSv09dGeNWrsqjjZuDP9R10qR154nysBxFg==}
    cpu: [arm64]
    os: [linux]
    requiresBuild: true
    dev: true
    optional: true

  /@oxlint/linux-x64-gnu@1.8.0:
    resolution: {integrity: sha512-qPEF8tKMu+63b58gPfwU3KyJf2z9KyorbrC0yGXFHQLzRPEtrh6bAjf+AzCs3n8WhDR1K6jPgcPT4Sp8bahCyQ==}
    cpu: [x64]
    os: [linux]
    requiresBuild: true
    dev: true
    optional: true

  /@oxlint/linux-x64-musl@1.8.0:
    resolution: {integrity: sha512-JyErk/LsLg/tA3XkHhU8VIxahOdq56L99mbpMFGLTkOQgtnhY2MDAYULVgOuFFX3v6Q02o4mpIR/SwW/tRnZlg==}
    cpu: [x64]
    os: [linux]
    requiresBuild: true
    dev: true
    optional: true

  /@oxlint/win32-arm64@1.8.0:
    resolution: {integrity: sha512-QvhtDAU9bBdC2m5xO+ibKyMG4KZR44wB0vDbQ5YkQxJiuXrlleHLyz0+saFzVYQ/Fvc0QgIRTIwiVz9dzxidVw==}
    cpu: [arm64]
    os: [win32]
    requiresBuild: true
    dev: true
    optional: true

  /@oxlint/win32-x64@1.8.0:
    resolution: {integrity: sha512-veXJXgF905UOvuxtmvzM328b4Itm8Fyu+lUq4PagXOmyRScevaVUXq6++ui3A/Gxd8yo0SHspHCbYkpuvJkXqQ==}
    cpu: [x64]
    os: [win32]
    requiresBuild: true
    dev: true
    optional: true

  /@prettier/plugin-oxc@0.0.4:
    resolution: {integrity: sha512-UGXe+g/rSRbglL0FOJiar+a+nUrst7KaFmsg05wYbKiInGWP6eAj/f8A2Uobgo5KxEtb2X10zeflNH6RK2xeIQ==}
    engines: {node: '>=14'}
    dependencies:
      oxc-parser: 0.74.0
    dev: true

  /@rolldown/pluginutils@1.0.0-beta.27:
    resolution: {integrity: sha512-+d0F4MKMCbeVUJwG96uQ4SgAznZNSq93I3V+9NHA4OpvqG8mRCpGdKmK8l/dl02h2CCDHwW2FqilnTyDcAnqjA==}
    dev: true

  /@rollup/rollup-android-arm-eabi@4.45.1:
    resolution: {integrity: sha512-NEySIFvMY0ZQO+utJkgoMiCAjMrGvnbDLHvcmlA33UXJpYBCvlBEbMMtV837uCkS+plG2umfhn0T5mMAxGrlRA==}
    cpu: [arm]
    os: [android]
    requiresBuild: true
    dev: true
    optional: true

  /@rollup/rollup-android-arm64@4.45.1:
    resolution: {integrity: sha512-ujQ+sMXJkg4LRJaYreaVx7Z/VMgBBd89wGS4qMrdtfUFZ+TSY5Rs9asgjitLwzeIbhwdEhyj29zhst3L1lKsRQ==}
    cpu: [arm64]
    os: [android]
    requiresBuild: true
    dev: true
    optional: true

  /@rollup/rollup-darwin-arm64@4.45.1:
    resolution: {integrity: sha512-FSncqHvqTm3lC6Y13xncsdOYfxGSLnP+73k815EfNmpewPs+EyM49haPS105Rh4aF5mJKywk9X0ogzLXZzN9lA==}
    cpu: [arm64]
    os: [darwin]
    requiresBuild: true
    dev: true
    optional: true

  /@rollup/rollup-darwin-x64@4.45.1:
    resolution: {integrity: sha512-2/vVn/husP5XI7Fsf/RlhDaQJ7x9zjvC81anIVbr4b/f0xtSmXQTFcGIQ/B1cXIYM6h2nAhJkdMHTnD7OtQ9Og==}
    cpu: [x64]
    os: [darwin]
    requiresBuild: true
    dev: true
    optional: true

  /@rollup/rollup-freebsd-arm64@4.45.1:
    resolution: {integrity: sha512-4g1kaDxQItZsrkVTdYQ0bxu4ZIQ32cotoQbmsAnW1jAE4XCMbcBPDirX5fyUzdhVCKgPcrwWuucI8yrVRBw2+g==}
    cpu: [arm64]
    os: [freebsd]
    requiresBuild: true
    dev: true
    optional: true

  /@rollup/rollup-freebsd-x64@4.45.1:
    resolution: {integrity: sha512-L/6JsfiL74i3uK1Ti2ZFSNsp5NMiM4/kbbGEcOCps99aZx3g8SJMO1/9Y0n/qKlWZfn6sScf98lEOUe2mBvW9A==}
    cpu: [x64]
    os: [freebsd]
    requiresBuild: true
    dev: true
    optional: true

  /@rollup/rollup-linux-arm-gnueabihf@4.45.1:
    resolution: {integrity: sha512-RkdOTu2jK7brlu+ZwjMIZfdV2sSYHK2qR08FUWcIoqJC2eywHbXr0L8T/pONFwkGukQqERDheaGTeedG+rra6Q==}
    cpu: [arm]
    os: [linux]
    requiresBuild: true
    dev: true
    optional: true

  /@rollup/rollup-linux-arm-musleabihf@4.45.1:
    resolution: {integrity: sha512-3kJ8pgfBt6CIIr1o+HQA7OZ9mp/zDk3ctekGl9qn/pRBgrRgfwiffaUmqioUGN9hv0OHv2gxmvdKOkARCtRb8Q==}
    cpu: [arm]
    os: [linux]
    requiresBuild: true
    dev: true
    optional: true

  /@rollup/rollup-linux-arm64-gnu@4.45.1:
    resolution: {integrity: sha512-k3dOKCfIVixWjG7OXTCOmDfJj3vbdhN0QYEqB+OuGArOChek22hn7Uy5A/gTDNAcCy5v2YcXRJ/Qcnm4/ma1xw==}
    cpu: [arm64]
    os: [linux]
    requiresBuild: true
    dev: true
    optional: true

  /@rollup/rollup-linux-arm64-musl@4.45.1:
    resolution: {integrity: sha512-PmI1vxQetnM58ZmDFl9/Uk2lpBBby6B6rF4muJc65uZbxCs0EA7hhKCk2PKlmZKuyVSHAyIw3+/SiuMLxKxWog==}
    cpu: [arm64]
    os: [linux]
    requiresBuild: true
    dev: true
    optional: true

  /@rollup/rollup-linux-loongarch64-gnu@4.45.1:
    resolution: {integrity: sha512-9UmI0VzGmNJ28ibHW2GpE2nF0PBQqsyiS4kcJ5vK+wuwGnV5RlqdczVocDSUfGX/Na7/XINRVoUgJyFIgipoRg==}
    cpu: [loong64]
    os: [linux]
    requiresBuild: true
    dev: true
    optional: true

  /@rollup/rollup-linux-powerpc64le-gnu@4.45.1:
    resolution: {integrity: sha512-7nR2KY8oEOUTD3pBAxIBBbZr0U7U+R9HDTPNy+5nVVHDXI4ikYniH1oxQz9VoB5PbBU1CZuDGHkLJkd3zLMWsg==}
    cpu: [ppc64]
    os: [linux]
    requiresBuild: true
    dev: true
    optional: true

  /@rollup/rollup-linux-riscv64-gnu@4.45.1:
    resolution: {integrity: sha512-nlcl3jgUultKROfZijKjRQLUu9Ma0PeNv/VFHkZiKbXTBQXhpytS8CIj5/NfBeECZtY2FJQubm6ltIxm/ftxpw==}
    cpu: [riscv64]
    os: [linux]
    requiresBuild: true
    dev: true
    optional: true

  /@rollup/rollup-linux-riscv64-musl@4.45.1:
    resolution: {integrity: sha512-HJV65KLS51rW0VY6rvZkiieiBnurSzpzore1bMKAhunQiECPuxsROvyeaot/tcK3A3aGnI+qTHqisrpSgQrpgA==}
    cpu: [riscv64]
    os: [linux]
    requiresBuild: true
    dev: true
    optional: true

  /@rollup/rollup-linux-s390x-gnu@4.45.1:
    resolution: {integrity: sha512-NITBOCv3Qqc6hhwFt7jLV78VEO/il4YcBzoMGGNxznLgRQf43VQDae0aAzKiBeEPIxnDrACiMgbqjuihx08OOw==}
    cpu: [s390x]
    os: [linux]
    requiresBuild: true
    dev: true
    optional: true

  /@rollup/rollup-linux-x64-gnu@4.45.1:
    resolution: {integrity: sha512-+E/lYl6qu1zqgPEnTrs4WysQtvc/Sh4fC2nByfFExqgYrqkKWp1tWIbe+ELhixnenSpBbLXNi6vbEEJ8M7fiHw==}
    cpu: [x64]
    os: [linux]
    requiresBuild: true
    dev: true
    optional: true

  /@rollup/rollup-linux-x64-musl@4.45.1:
    resolution: {integrity: sha512-a6WIAp89p3kpNoYStITT9RbTbTnqarU7D8N8F2CV+4Cl9fwCOZraLVuVFvlpsW0SbIiYtEnhCZBPLoNdRkjQFw==}
    cpu: [x64]
    os: [linux]
    requiresBuild: true
    dev: true
    optional: true

  /@rollup/rollup-win32-arm64-msvc@4.45.1:
    resolution: {integrity: sha512-T5Bi/NS3fQiJeYdGvRpTAP5P02kqSOpqiopwhj0uaXB6nzs5JVi2XMJb18JUSKhCOX8+UE1UKQufyD6Or48dJg==}
    cpu: [arm64]
    os: [win32]
    requiresBuild: true
    dev: true
    optional: true

  /@rollup/rollup-win32-ia32-msvc@4.45.1:
    resolution: {integrity: sha512-lxV2Pako3ujjuUe9jiU3/s7KSrDfH6IgTSQOnDWr9aJ92YsFd7EurmClK0ly/t8dzMkDtd04g60WX6yl0sGfdw==}
    cpu: [ia32]
    os: [win32]
    requiresBuild: true
    dev: true
    optional: true

  /@rollup/rollup-win32-x64-msvc@4.45.1:
    resolution: {integrity: sha512-M/fKi4sasCdM8i0aWJjCSFm2qEnYRR8AMLG2kxp6wD13+tMGA4Z1tVAuHkNRjud5SW2EM3naLuK35w9twvf6aA==}
    cpu: [x64]
    os: [win32]
    requiresBuild: true
    dev: true
    optional: true

  /@swc/core-darwin-arm64@1.13.1:
    resolution: {integrity: sha512-zO6SW/jSMTUORPm6dUZFPUwf+EFWZsaXWMGXadRG6akCofYpoQb8pcY2QZkVr43z8TMka6BtXpyoD/DJ0iOPHQ==}
    engines: {node: '>=10'}
    cpu: [arm64]
    os: [darwin]
    requiresBuild: true
    dev: true
    optional: true

  /@swc/core-darwin-x64@1.13.1:
    resolution: {integrity: sha512-8RjaTZYxrlYKE5PgzZYWSOT4mAsyhIuh30Nu4dnn/2r0Ef68iNCbvX4ynGnFMhOIhqunjQbJf+mJKpwTwdHXhw==}
    engines: {node: '>=10'}
    cpu: [x64]
    os: [darwin]
    requiresBuild: true
    dev: true
    optional: true

  /@swc/core-linux-arm-gnueabihf@1.13.1:
    resolution: {integrity: sha512-jEqK6pECs2m4BpL2JA/4CCkq04p6iFOEtVNXTisO+lJ3zwmxlnIEm9UfJZG6VSu8GS9MHRKGB0ieZ1tEdN1qDA==}
    engines: {node: '>=10'}
    cpu: [arm]
    os: [linux]
    requiresBuild: true
    dev: true
    optional: true

  /@swc/core-linux-arm64-gnu@1.13.1:
    resolution: {integrity: sha512-PbkuIOYXO/gQbWQ7NnYIwm59ygNqmUcF8LBeoKvxhx1VtOwE+9KiTfoplOikkPLhMiTzKsd8qentTslbITIg+Q==}
    engines: {node: '>=10'}
    cpu: [arm64]
    os: [linux]
    requiresBuild: true
    dev: true
    optional: true

  /@swc/core-linux-arm64-musl@1.13.1:
    resolution: {integrity: sha512-JaqFdBCarIBKiMu5bbAp+kWPMNGg97ej+7KzbKOzWP5pRptqKi86kCDZT3WmjPe8hNG6dvBwbm7Y8JNry5LebQ==}
    engines: {node: '>=10'}
    cpu: [arm64]
    os: [linux]
    requiresBuild: true
    dev: true
    optional: true

  /@swc/core-linux-x64-gnu@1.13.1:
    resolution: {integrity: sha512-t4cLkku10YECDaakWUH0452WJHIZtrLPRwezt6BdoMntVMwNjvXRX7C8bGuYcKC3YxRW7enZKFpozLhQIQ37oA==}
    engines: {node: '>=10'}
    cpu: [x64]
    os: [linux]
    requiresBuild: true
    dev: true
    optional: true

  /@swc/core-linux-x64-musl@1.13.1:
    resolution: {integrity: sha512-fSMwZOaG+3ukUucbEbzz9GhzGhUhXoCPqHe9qW0/Vc2IZRp538xalygKyZynYweH5d9EHux1aj3+IO8/xBaoiA==}
    engines: {node: '>=10'}
    cpu: [x64]
    os: [linux]
    requiresBuild: true
    dev: true
    optional: true

  /@swc/core-win32-arm64-msvc@1.13.1:
    resolution: {integrity: sha512-tweCXK/79vAwj1NhAsYgICy8T1z2QEairmN2BFEBYFBFNMEB1iI1YlXwBkBtuihRvgZrTh1ORusKa4jLYzLCZA==}
    engines: {node: '>=10'}
    cpu: [arm64]
    os: [win32]
    requiresBuild: true
    dev: true
    optional: true

  /@swc/core-win32-ia32-msvc@1.13.1:
    resolution: {integrity: sha512-zi7hO9D+2R2yQN9D7T10/CAI9KhuXkNkz8tcJOW6+dVPtAk/gsIC5NoGPELjgrAlLL9CS38ZQpLDslLfpP15ng==}
    engines: {node: '>=10'}
    cpu: [ia32]
    os: [win32]
    requiresBuild: true
    dev: true
    optional: true

  /@swc/core-win32-x64-msvc@1.13.1:
    resolution: {integrity: sha512-KubYjzqs/nz3H69ncX/XHKsC8c1xqc7UvonQAj26BhbL22HBsqdAaVutZ+Obho6RMpd3F5qQ95ldavUTWskRrw==}
    engines: {node: '>=10'}
    cpu: [x64]
    os: [win32]
    requiresBuild: true
    dev: true
    optional: true

  /@swc/core@1.13.1:
    resolution: {integrity: sha512-jEKKErLC6uwSqA+p6bmZR08usZM5Fpc+HdEu5CAzvye0q43yf1si1kjhHEa9XMkz0A2SAaal3eKCg/YYmtOsCA==}
    engines: {node: '>=10'}
    requiresBuild: true
    peerDependencies:
      '@swc/helpers': '>=0.5.17'
    peerDependenciesMeta:
      '@swc/helpers':
        optional: true
    dependencies:
      '@swc/counter': 0.1.3
      '@swc/types': 0.1.23
    optionalDependencies:
      '@swc/core-darwin-arm64': 1.13.1
      '@swc/core-darwin-x64': 1.13.1
      '@swc/core-linux-arm-gnueabihf': 1.13.1
      '@swc/core-linux-arm64-gnu': 1.13.1
      '@swc/core-linux-arm64-musl': 1.13.1
      '@swc/core-linux-x64-gnu': 1.13.1
      '@swc/core-linux-x64-musl': 1.13.1
      '@swc/core-win32-arm64-msvc': 1.13.1
      '@swc/core-win32-ia32-msvc': 1.13.1
      '@swc/core-win32-x64-msvc': 1.13.1
    dev: true

  /@swc/counter@0.1.3:
    resolution: {integrity: sha512-e2BR4lsJkkRlKZ/qCHPw9ZaSxc0MVUd7gtbtaB7aMvHeJVYe8sOB8DBZkP2DtISHGSku9sCK6T6cnY0CtXrOCQ==}
    dev: true

  /@swc/types@0.1.23:
    resolution: {integrity: sha512-u1iIVZV9Q0jxY+yM2vw/hZGDNudsN85bBpTqzAQ9rzkxW9D+e3aEM4Han+ow518gSewkXgjmEK0BD79ZcNVgPw==}
    dependencies:
      '@swc/counter': 0.1.3
    dev: true

  /@tybys/wasm-util@0.10.0:
    resolution: {integrity: sha512-VyyPYFlOMNylG45GoAe0xDoLwWuowvf92F9kySqzYh8vmYm7D2u4iUJKa1tOUpS70Ku13ASrOkS4ScXFsTaCNQ==}
    requiresBuild: true
    dependencies:
      tslib: 2.8.1
    dev: true
    optional: true

  /@types/estree@1.0.8:
    resolution: {integrity: sha512-dWHzHa2WqEXI/O1E9OjrocMTKJl2mSrEolh1Iomrv6U+JuNwaHXsXx9bLu5gG7BUWFIN0skIQJQ/L1rIex4X6w==}
    dev: true

  /@types/react-dom@19.1.6(@types/react@19.1.8):
    resolution: {integrity: sha512-4hOiT/dwO8Ko0gV1m/TJZYk3y0KBnY9vzDh7W+DH17b2HFSOGgdj33dhihPeuy3l0q23+4e+hoXHV6hCC4dCXw==}
    peerDependencies:
      '@types/react': ^19.0.0
    dependencies:
      '@types/react': 19.1.8
    dev: true

  /@types/react@19.1.8:
    resolution: {integrity: sha512-AwAfQ2Wa5bCx9WP8nZL2uMZWod7J7/JSplxbTmBQ5ms6QpqNYm672H0Vu9ZVKVngQ+ii4R/byguVEUZQyeg44g==}
    dependencies:
      csstype: 3.1.3
    dev: true

  /@vitejs/plugin-react-swc@3.11.0(vite@6.3.5):
    resolution: {integrity: sha512-YTJCGFdNMHCMfjODYtxRNVAYmTWQ1Lb8PulP/2/f/oEEtglw8oKxKIZmmRkyXrVrHfsKOaVkAc3NT9/dMutO5w==}
    peerDependencies:
      vite: ^4 || ^5 || ^6 || ^7
    dependencies:
      '@rolldown/pluginutils': 1.0.0-beta.27
      '@swc/core': 1.13.1
      vite: 6.3.5
    transitivePeerDependencies:
      - '@swc/helpers'
    dev: true

  /csstype@3.1.3:
    resolution: {integrity: sha512-M1uQkMl8rQK/szD0LNhtqxIPLpimGm8sOBwU7lLnCpSbTyY3yeU1Vc7l4KT5zT4s/yOxHH5O7tIuuLOCnLADRw==}
    dev: true

  /esbuild@0.25.8:
    resolution: {integrity: sha512-vVC0USHGtMi8+R4Kz8rt6JhEWLxsv9Rnu/lGYbPR8u47B+DCBksq9JarW0zOO7bs37hyOK1l2/oqtbciutL5+Q==}
    engines: {node: '>=18'}
    hasBin: true
    requiresBuild: true
    optionalDependencies:
      '@esbuild/aix-ppc64': 0.25.8
      '@esbuild/android-arm': 0.25.8
      '@esbuild/android-arm64': 0.25.8
      '@esbuild/android-x64': 0.25.8
      '@esbuild/darwin-arm64': 0.25.8
      '@esbuild/darwin-x64': 0.25.8
      '@esbuild/freebsd-arm64': 0.25.8
      '@esbuild/freebsd-x64': 0.25.8
      '@esbuild/linux-arm': 0.25.8
      '@esbuild/linux-arm64': 0.25.8
      '@esbuild/linux-ia32': 0.25.8
      '@esbuild/linux-loong64': 0.25.8
      '@esbuild/linux-mips64el': 0.25.8
      '@esbuild/linux-ppc64': 0.25.8
      '@esbuild/linux-riscv64': 0.25.8
      '@esbuild/linux-s390x': 0.25.8
      '@esbuild/linux-x64': 0.25.8
      '@esbuild/netbsd-arm64': 0.25.8
      '@esbuild/netbsd-x64': 0.25.8
      '@esbuild/openbsd-arm64': 0.25.8
      '@esbuild/openbsd-x64': 0.25.8
      '@esbuild/openharmony-arm64': 0.25.8
      '@esbuild/sunos-x64': 0.25.8
      '@esbuild/win32-arm64': 0.25.8
      '@esbuild/win32-ia32': 0.25.8
      '@esbuild/win32-x64': 0.25.8
    dev: true

  /fdir@6.4.6(picomatch@4.0.3):
    resolution: {integrity: sha512-hiFoqpyZcfNm1yc4u8oWCf9A2c4D3QjCrks3zmoVKVxpQRzmPNar1hUJcBG2RQHvEVGDN+Jm81ZheVLAQMK6+w==}
    peerDependencies:
      picomatch: ^3 || ^4
    peerDependenciesMeta:
      picomatch:
        optional: true
    dependencies:
      picomatch: 4.0.3
    dev: true

  /fsevents@2.3.3:
    resolution: {integrity: sha512-5xoDfX+fL7faATnagmWPpbFtwh/R77WmMMqqHGS65C3vvB0YHrgF+B1YmZ3441tMj5n63k0212XNoJwzlhffQw==}
    engines: {node: ^8.16.0 || ^10.6.0 || >=11.0.0}
    os: [darwin]
    requiresBuild: true
    dev: true
    optional: true

  /nanoid@3.3.11:
    resolution: {integrity: sha512-N8SpfPUnUp1bK+PMYW8qSWdl9U+wwNWI4QKxOYDy9JAro3WMX7p2OeVRF9v+347pnakNevPmiHhNmZ2HbFA76w==}
    engines: {node: ^10 || ^12 || ^13.7 || ^14 || >=15.0.1}
    hasBin: true
    dev: true

  /oxc-parser@0.74.0:
    resolution: {integrity: sha512-2tDN/ttU8WE6oFh8EzKNam7KE7ZXSG5uXmvX85iNzxdJfMssDWcj3gpYzZi1E04XuE7m3v1dVWl/8BE886vPGw==}
    engines: {node: '>=20.0.0'}
    dependencies:
      '@oxc-project/types': 0.74.0
    optionalDependencies:
      '@oxc-parser/binding-android-arm64': 0.74.0
      '@oxc-parser/binding-darwin-arm64': 0.74.0
      '@oxc-parser/binding-darwin-x64': 0.74.0
      '@oxc-parser/binding-freebsd-x64': 0.74.0
      '@oxc-parser/binding-linux-arm-gnueabihf': 0.74.0
      '@oxc-parser/binding-linux-arm-musleabihf': 0.74.0
      '@oxc-parser/binding-linux-arm64-gnu': 0.74.0
      '@oxc-parser/binding-linux-arm64-musl': 0.74.0
      '@oxc-parser/binding-linux-riscv64-gnu': 0.74.0
      '@oxc-parser/binding-linux-s390x-gnu': 0.74.0
      '@oxc-parser/binding-linux-x64-gnu': 0.74.0
      '@oxc-parser/binding-linux-x64-musl': 0.74.0
      '@oxc-parser/binding-wasm32-wasi': 0.74.0
      '@oxc-parser/binding-win32-arm64-msvc': 0.74.0
      '@oxc-parser/binding-win32-x64-msvc': 0.74.0
    dev: true

  /oxlint@1.8.0:
    resolution: {integrity: sha512-kDC3zuplBM35GbrZ/3rRdDrZ6unpUkUjM8P3VSbyLgaYh2xZeg0TLLDbYALNAUyChVonNafXzgHZmbwnHfrTRg==}
    engines: {node: '>=8.*'}
    hasBin: true
    optionalDependencies:
      '@oxlint/darwin-arm64': 1.8.0
      '@oxlint/darwin-x64': 1.8.0
      '@oxlint/linux-arm64-gnu': 1.8.0
      '@oxlint/linux-arm64-musl': 1.8.0
      '@oxlint/linux-x64-gnu': 1.8.0
      '@oxlint/linux-x64-musl': 1.8.0
      '@oxlint/win32-arm64': 1.8.0
      '@oxlint/win32-x64': 1.8.0
    dev: true

  /package-manager-detector@1.3.0:
    resolution: {integrity: sha512-ZsEbbZORsyHuO00lY1kV3/t72yp6Ysay6Pd17ZAlNGuGwmWDLCJxFpRs0IzfXfj1o4icJOkUEioexFHzyPurSQ==}
    dev: true

  /picocolors@1.1.1:
    resolution: {integrity: sha512-xceH2snhtb5M9liqDsmEw56le376mTZkEX/jEb/RxNFyegNul7eNslCXP9FDj/Lcu0X8KEyMceP2ntpaHrDEVA==}
    dev: true

  /picomatch@4.0.3:
    resolution: {integrity: sha512-5gTmgEY/sqK6gFXLIsQNH19lWb4ebPDLA4SdLP7dsWkIXHWlG66oPuVvXSGFPppYZz8ZDZq0dYYrbHfBCVUb1Q==}
    engines: {node: '>=12'}
    dev: true

  /postcss@8.5.6:
    resolution: {integrity: sha512-3Ybi1tAuwAP9s0r1UQ2J4n5Y0G05bJkpUIO0/bI9MhwmD70S5aTWbXGBwxHrelT+XM1k6dM0pk+SwNkpTRN7Pg==}
    engines: {node: ^10 || ^12 || >=14}
    dependencies:
      nanoid: 3.3.11
      picocolors: 1.1.1
      source-map-js: 1.2.1
    dev: true

  /prettier@3.6.2:
    resolution: {integrity: sha512-I7AIg5boAr5R0FFtJ6rCfD+LFsWHp81dolrFD8S79U9tb8Az2nGrJncnMSnys+bpQJfRUzqs9hnA81OAA3hCuQ==}
    engines: {node: '>=14'}
    hasBin: true
    dev: true

  /react-dom@19.1.0(react@19.1.0):
    resolution: {integrity: sha512-Xs1hdnE+DyKgeHJeJznQmYMIBG3TKIHJJT95Q58nHLSrElKlGQqDTR2HQ9fx5CN/Gk6Vh/kupBTDLU11/nDk/g==}
    peerDependencies:
      react: ^19.1.0
    dependencies:
      react: 19.1.0
      scheduler: 0.26.0
    dev: false

  /react@19.1.0:
    resolution: {integrity: sha512-FS+XFBNvn3GTAWq26joslQgWNoFu08F4kl0J4CgdNKADkdSGXQyTCnKteIAJy96Br6YbpEU1LSzV5dYtjMkMDg==}
    engines: {node: '>=0.10.0'}
    dev: false

  /rollup@4.45.1:
    resolution: {integrity: sha512-4iya7Jb76fVpQyLoiVpzUrsjQ12r3dM7fIVz+4NwoYvZOShknRmiv+iu9CClZml5ZLGb0XMcYLutK6w9tgxHDw==}
    engines: {node: '>=18.0.0', npm: '>=8.0.0'}
    hasBin: true
    dependencies:
      '@types/estree': 1.0.8
    optionalDependencies:
      '@rollup/rollup-android-arm-eabi': 4.45.1
      '@rollup/rollup-android-arm64': 4.45.1
      '@rollup/rollup-darwin-arm64': 4.45.1
      '@rollup/rollup-darwin-x64': 4.45.1
      '@rollup/rollup-freebsd-arm64': 4.45.1
      '@rollup/rollup-freebsd-x64': 4.45.1
      '@rollup/rollup-linux-arm-gnueabihf': 4.45.1
      '@rollup/rollup-linux-arm-musleabihf': 4.45.1
      '@rollup/rollup-linux-arm64-gnu': 4.45.1
      '@rollup/rollup-linux-arm64-musl': 4.45.1
      '@rollup/rollup-linux-loongarch64-gnu': 4.45.1
      '@rollup/rollup-linux-powerpc64le-gnu': 4.45.1
      '@rollup/rollup-linux-riscv64-gnu': 4.45.1
      '@rollup/rollup-linux-riscv64-musl': 4.45.1
      '@rollup/rollup-linux-s390x-gnu': 4.45.1
      '@rollup/rollup-linux-x64-gnu': 4.45.1
      '@rollup/rollup-linux-x64-musl': 4.45.1
      '@rollup/rollup-win32-arm64-msvc': 4.45.1
      '@rollup/rollup-win32-ia32-msvc': 4.45.1
      '@rollup/rollup-win32-x64-msvc': 4.45.1
      fsevents: 2.3.3
    dev: true

  /scheduler@0.26.0:
    resolution: {integrity: sha512-NlHwttCI/l5gCPR3D1nNXtWABUmBwvZpEQiD4IXSbIDq8BzLIK/7Ir5gTFSGZDUu37K5cMNp0hFtzO38sC7gWA==}
    dev: false

  /source-map-js@1.2.1:
    resolution: {integrity: sha512-UXWMKhLOwVKb728IUtQPXxfYU+usdybtUrK/8uGE8CQMvrhOpwvzDBwj0QhSL7MQc7vIsISBG8VQ8+IDQxpfQA==}
    engines: {node: '>=0.10.0'}
    dev: true

  /tinyglobby@0.2.14:
    resolution: {integrity: sha512-tX5e7OM1HnYr2+a2C/4V0htOcSQcoSTH9KgJnVvNm5zm/cyEWKJ7j7YutsH9CxMdtOkkLFy2AHrMci9IM8IPZQ==}
    engines: {node: '>=12.0.0'}
    dependencies:
      fdir: 6.4.6(picomatch@4.0.3)
      picomatch: 4.0.3
    dev: true

  /tslib@2.8.1:
    resolution: {integrity: sha512-oJFu94HQb+KVduSUQL7wnpmqnfmLsOA/nAh6b6EH0wCEoK0/mPeXU6c3wKDV83MkOuHPRHtSXKKU99IBazS/2w==}
    requiresBuild: true
    dev: true
    optional: true

  /turbo-darwin-64@2.5.5:
    resolution: {integrity: sha512-RYnTz49u4F5tDD2SUwwtlynABNBAfbyT2uU/brJcyh5k6lDLyNfYKdKmqd3K2ls4AaiALWrFKVSBsiVwhdFNzQ==}
    cpu: [x64]
    os: [darwin]
    requiresBuild: true
    dev: true
    optional: true

  /turbo-darwin-arm64@2.5.5:
    resolution: {integrity: sha512-Tk+ZeSNdBobZiMw9aFypQt0DlLsWSFWu1ymqsAdJLuPoAH05qCfYtRxE1pJuYHcJB5pqI+/HOxtJoQ40726Btw==}
    cpu: [arm64]
    os: [darwin]
    requiresBuild: true
    dev: true
    optional: true

  /turbo-linux-64@2.5.5:
    resolution: {integrity: sha512-2/XvMGykD7VgsvWesZZYIIVXMlgBcQy+ZAryjugoTcvJv8TZzSU/B1nShcA7IAjZ0q7OsZ45uP2cOb8EgKT30w==}
    cpu: [x64]
    os: [linux]
    requiresBuild: true
    dev: true
    optional: true

  /turbo-linux-arm64@2.5.5:
    resolution: {integrity: sha512-DW+8CjCjybu0d7TFm9dovTTVg1VRnlkZ1rceO4zqsaLrit3DgHnN4to4uwyuf9s2V/BwS3IYcRy+HG9BL596Iw==}
    cpu: [arm64]
    os: [linux]
    requiresBuild: true
    dev: true
    optional: true

  /turbo-windows-64@2.5.5:
    resolution: {integrity: sha512-q5p1BOy8ChtSZfULuF1BhFMYIx6bevXu4fJ+TE/hyNfyHJIfjl90Z6jWdqAlyaFLmn99X/uw+7d6T/Y/dr5JwQ==}
    cpu: [x64]
    os: [win32]
    requiresBuild: true
    dev: true
    optional: true

  /turbo-windows-arm64@2.5.5:
    resolution: {integrity: sha512-AXbF1KmpHUq3PKQwddMGoKMYhHsy5t1YBQO8HZ04HLMR0rWv9adYlQ8kaeQJTko1Ay1anOBFTqaxfVOOsu7+1Q==}
    cpu: [arm64]
    os: [win32]
    requiresBuild: true
    dev: true
    optional: true

  /turbo@2.5.5:
    resolution: {integrity: sha512-eZ7wI6KjtT1eBqCnh2JPXWNUAxtoxxfi6VdBdZFvil0ychCOTxbm7YLRBi1JSt7U3c+u3CLxpoPxLdvr/Npr3A==}
    hasBin: true
    optionalDependencies:
      turbo-darwin-64: 2.5.5
      turbo-darwin-arm64: 2.5.5
      turbo-linux-64: 2.5.5
      turbo-linux-arm64: 2.5.5
      turbo-windows-64: 2.5.5
      turbo-windows-arm64: 2.5.5
    dev: true

  /typescript@5.8.3:
    resolution: {integrity: sha512-p1diW6TqL9L07nNxvRMM7hMMw4c5XOo/1ibL4aAIGmSAt9slTE1Xgw5KWuof2uTOvCg9BY7ZRi+GaF+7sfgPeQ==}
    engines: {node: '>=14.17'}
    hasBin: true
    dev: true

  /vite-plugin-oxlint@1.4.0(vite@6.3.5):
    resolution: {integrity: sha512-/L0W5yldiFk65sdSYT41uhQRqBZCmteRHoLnFmqaRzzmGyNt/7yZnjruHHsuP5tpX/62Kyhl2SGERP/FMQyV4g==}
    peerDependencies:
      vite: ^6.0.7
    dependencies:
      oxlint: 1.8.0
      package-manager-detector: 1.3.0
      vite: 6.3.5
    dev: true

  /vite@6.3.5:
    resolution: {integrity: sha512-cZn6NDFE7wdTpINgs++ZJ4N49W2vRp8LCKrn3Ob1kYNtOo21vfDoaV5GzBfLU4MovSAB8uNRm4jgzVQZ+mBzPQ==}
    engines: {node: ^18.0.0 || ^20.0.0 || >=22.0.0}
    hasBin: true
    peerDependencies:
      '@types/node': ^18.0.0 || ^20.0.0 || >=22.0.0
      jiti: '>=1.21.0'
      less: '*'
      lightningcss: ^1.21.0
      sass: '*'
      sass-embedded: '*'
      stylus: '*'
      sugarss: '*'
      terser: ^5.16.0
      tsx: ^4.8.1
      yaml: ^2.4.2
    peerDependenciesMeta:
      '@types/node':
        optional: true
      jiti:
        optional: true
      less:
        optional: true
      lightningcss:
        optional: true
      sass:
        optional: true
      sass-embedded:
        optional: true
      stylus:
        optional: true
      sugarss:
        optional: true
      terser:
        optional: true
      tsx:
        optional: true
      yaml:
        optional: true
    dependencies:
      esbuild: 0.25.8
      fdir: 6.4.6(picomatch@4.0.3)
      picomatch: 4.0.3
      postcss: 8.5.6
      rollup: 4.45.1
      tinyglobby: 0.2.14
    optionalDependencies:
      fsevents: 2.3.3
    dev: true
